
Microsoft Visual Studio Solution File, Format Version 12.00
# Visual Studio Version 17
VisualStudioVersion = 17.7.34031.279
MinimumVisualStudioVersion = 10.0.40219.1
Project("{FAE04EC0-301F-11D3-BF4B-00C04F79EFBC}") = "L11", "L11\L11.csproj", "{9D076A40-6A21-4109-B7FF-C9205D146962}"
EndProject
Global
	GlobalSection(SolutionConfigurationPlatforms) = preSolution
		Debug|Any CPU = Debug|Any CPU
		Release|Any CPU = Release|Any CPU
	EndGlobalSection
	GlobalSection(ProjectConfigurationPlatforms) = postSolution
		{9D076A40-6A21-4109-B7FF-C9205D146962}.Debug|Any CPU.ActiveCfg = Debug|Any CPU
		{9D076A40-6A21-4109-B7FF-C9205D146962}.Debug|Any CPU.Build.0 = Debug|Any CPU
		{9D076A40-6A21-4109-B7FF-C9205D146962}.Release|Any CPU.ActiveCfg = Release|Any CPU
		{9D076A40-6A21-4109-B7FF-C9205D146962}.Release|Any CPU.Build.0 = Release|Any CPU
	EndGlobalSection
	GlobalSection(SolutionProperties) = preSolution
		HideSolutionNode = FALSE
	EndGlobalSection
	GlobalSection(ExtensibilityGlobals) = postSolution
		SolutionGuid = {BCD1B7BF-29A5-4A9B-AD44-8E75C55A6F9E}
	EndGlobalSection
EndGlobal
